{
  "name": "mitoc-trips",
  "version": "1.0.0",
  "lockfileVersion": 1,
  "requires": true,
  "dependencies": {
    "@fortawesome/fontawesome-free": {
      "version": "5.11.2",
      "resolved": "https://registry.npmjs.org/@fortawesome/fontawesome-free/-/fontawesome-free-5.11.2.tgz",
      "integrity": "sha512-XiUPoS79r1G7PcpnNtq85TJ7inJWe0v+b5oZJZKb0pGHNIV6+UiNeQWiFGmuQ0aj7GEhnD/v9iqxIsjuRKtEnQ=="
    },
    "angular": {
      "version": "1.4.13",
      "resolved": "https://registry.npmjs.org/angular/-/angular-1.4.13.tgz",
      "integrity": "sha1-TTC7hrF7JX9RmisFEqAMsYys6bA="
    },
    "angular-sanitize": {
      "version": "1.4.13",
      "resolved": "https://registry.npmjs.org/angular-sanitize/-/angular-sanitize-1.4.13.tgz",
      "integrity": "sha1-P2ZzdZEZvW7Bl6gO5625N9FOkJE="
    },
    "angular-ui-bootstrap": {
      "version": "1.3.2",
      "resolved": "https://registry.npmjs.org/angular-ui-bootstrap/-/angular-ui-bootstrap-1.3.2.tgz",
      "integrity": "sha1-mOB/GIyYcrof4fPH7qnBBGHTEYw="
    },
    "angular-ui-sortable": {
      "version": "0.13.4",
      "resolved": "https://registry.npmjs.org/angular-ui-sortable/-/angular-ui-sortable-0.13.4.tgz",
      "integrity": "sha1-awZieXaZSknDNw8tgTWf5WMlZro="
    },
    "bc-countries": {
      "version": "2.0.0",
      "resolved": "https://registry.npmjs.org/bc-countries/-/bc-countries-2.0.0.tgz",
      "integrity": "sha1-gw7Kn/dKtwl16Xt7zKGMqnA3R54=",
      "requires": {
        "digits-trie": "^1.0.0",
        "google-libphonenumber": "^1.0.7"
      }
    },
    "bc-css-flags": {
      "version": "3.0.0",
      "resolved": "https://registry.npmjs.org/bc-css-flags/-/bc-css-flags-3.0.0.tgz",
      "integrity": "sha1-OJWiPppx+VgE6u8V8WXVG5rV4hM="
    },
    "bc-phone-number": {
      "version": "git+https://git@github.com/DavidCain/bc-phone-number.git#2a72d9a1742a1e8b2621110a1c798f9415375d0a",
      "from": "git+https://git@github.com/DavidCain/bc-phone-number.git",
      "requires": {
        "angular": "^1.4.7",
        "angular-ui-bootstrap": "^0.14.1",
        "bc-countries": "^2.0.0",
        "bc-css-flags": "^3.0.0",
        "bootstrap": "^3.3.5",
        "jquery": "^3.0.0"
      },
      "dependencies": {
        "angular-ui-bootstrap": {
          "version": "0.14.3",
          "resolved": "https://registry.npmjs.org/angular-ui-bootstrap/-/angular-ui-bootstrap-0.14.3.tgz",
          "integrity": "sha1-2WzmBMhLvXBro0qryh1ac3bhi6Y="
        }
      }
    },
    "bootstrap": {
      "version": "3.4.1",
      "resolved": "https://registry.npmjs.org/bootstrap/-/bootstrap-3.4.1.tgz",
      "integrity": "sha512-yN5oZVmRCwe5aKwzRj6736nSmKDX7pLYwsXiCj/EYmo16hODaBiT4En5btW/jhBF/seV+XMx3aYwukYC3A49DA=="
    },
    "digits-trie": {
      "version": "1.0.0",
      "resolved": "https://registry.npmjs.org/digits-trie/-/digits-trie-1.0.0.tgz",
      "integrity": "sha1-kP3xEYESF6XUcb2vOctICFMKbXs="
    },
    "footable": {
      "version": "2.0.6",
      "resolved": "https://registry.npmjs.org/footable/-/footable-2.0.6.tgz",
      "integrity": "sha1-JOLQxKYWSOA/wDE4F76FOqWcCdA=",
      "requires": {
        "jquery": ">=1.4.4"
      }
    },
    "google-libphonenumber": {
      "version": "1.1.2",
      "resolved": "https://registry.npmjs.org/google-libphonenumber/-/google-libphonenumber-1.1.2.tgz",
      "integrity": "sha1-vwWJdcMffjY4MzsNYw7zjdMmO0g="
    },
    "jquery": {
      "version": "3.5.0",
      "resolved": "https://registry.npmjs.org/jquery/-/jquery-3.5.0.tgz",
      "integrity": "sha512-Xb7SVYMvygPxbFMpTFQiHh1J7HClEaThguL15N/Gg37Lri/qKyhRGZYzHRyLH8Stq3Aow0LsHO2O2ci86fCrNQ=="
    },
    "jquery-ui": {
      "version": "git+https://github.com/components/jqueryui.git#c34f8dbf3ba57b3784b93f26119f436c0e8288e1",
      "from": "git+https://github.com/components/jqueryui.git#1.11.4"
    },
    "jquery-ui-touch-punch": {
      "version": "0.2.3",
      "resolved": "https://registry.npmjs.org/jquery-ui-touch-punch/-/jquery-ui-touch-punch-0.2.3.tgz",
      "integrity": "sha1-7tgiQnM7okP0az6HwYQbMIGR2mg="
    },
    "lodash": {
      "version": "4.17.15",
      "resolved": "https://registry.npmjs.org/lodash/-/lodash-4.17.15.tgz",
      "integrity": "sha512-8xOcRHvCjnocdS5cpwXQXVzmmh5e5+saE2QGoeQmbKmRS6J3VQppPOIt0MnmE+4xlZoumy0GPG0D0MVIQbNA1A=="
    },
    "ui-select": {
      "version": "0.16.1",
      "resolved": "https://registry.npmjs.org/ui-select/-/ui-select-0.16.1.tgz",
      "integrity": "sha1-a4u0MMOfcqEXjWSIIxAaTE+AKZs="
    }
  }
}
